
Microsoft Visual Studio Solution File, Format Version 12.00
# Visual Studio 15
VisualStudioVersion = 15.0.28307.1401
MinimumVisualStudioVersion = 10.0.40219.1
Project("{FAE04EC0-301F-11D3-BF4B-00C04F79EFBC}") = "SpaceMonkey.MVVM", "SpaceMonkey.MVVM\SpaceMonkey.MVVM.csproj", "{EA579523-A4BA-4EF5-AE47-149CB660B589}"
EndProject
Project("{FAE04EC0-301F-11D3-BF4B-00C04F79EFBC}") = "SpaceMonkey.ViewModels", "SpaceMonkey.ViewModels\SpaceMonkey.ViewModels.csproj", "{40323927-FEC0-42C9-A4D6-6CAF389F3615}"
EndProject
Project("{FAE04EC0-301F-11D3-BF4B-00C04F79EFBC}") = "SpaceMonkey.UI", "SpaceMonkey.UI\SpaceMonkey.UI.csproj", "{75B8E302-F121-4D0F-8E25-D17CA083EB85}"
EndProject
Project("{FAE04EC0-301F-11D3-BF4B-00C04F79EFBC}") = "SpaceMonkey.Rhinoceros", "SpaceMonkey.Rhinoceros\SpaceMonkey.Rhinoceros.csproj", "{D09D55F8-7BCF-486A-8534-7E8E55B83EFD}"
EndProject
Global
	GlobalSection(SolutionConfigurationPlatforms) = preSolution
		Debug|Any CPU = Debug|Any CPU
		Release|Any CPU = Release|Any CPU
	EndGlobalSection
	GlobalSection(ProjectConfigurationPlatforms) = postSolution
		{EA579523-A4BA-4EF5-AE47-149CB660B589}.Debug|Any CPU.ActiveCfg = Debug|Any CPU
		{EA579523-A4BA-4EF5-AE47-149CB660B589}.Debug|Any CPU.Build.0 = Debug|Any CPU
		{EA579523-A4BA-4EF5-AE47-149CB660B589}.Release|Any CPU.ActiveCfg = Release|Any CPU
		{EA579523-A4BA-4EF5-AE47-149CB660B589}.Release|Any CPU.Build.0 = Release|Any CPU
		{40323927-FEC0-42C9-A4D6-6CAF389F3615}.Debug|Any CPU.ActiveCfg = Debug|Any CPU
		{40323927-FEC0-42C9-A4D6-6CAF389F3615}.Debug|Any CPU.Build.0 = Debug|Any CPU
		{40323927-FEC0-42C9-A4D6-6CAF389F3615}.Release|Any CPU.ActiveCfg = Release|Any CPU
		{40323927-FEC0-42C9-A4D6-6CAF389F3615}.Release|Any CPU.Build.0 = Release|Any CPU
		{75B8E302-F121-4D0F-8E25-D17CA083EB85}.Debug|Any CPU.ActiveCfg = Debug|Any CPU
		{75B8E302-F121-4D0F-8E25-D17CA083EB85}.Debug|Any CPU.Build.0 = Debug|Any CPU
		{75B8E302-F121-4D0F-8E25-D17CA083EB85}.Release|Any CPU.ActiveCfg = Release|Any CPU
		{75B8E302-F121-4D0F-8E25-D17CA083EB85}.Release|Any CPU.Build.0 = Release|Any CPU
		{D09D55F8-7BCF-486A-8534-7E8E55B83EFD}.Debug|Any CPU.ActiveCfg = Debug|Any CPU
		{D09D55F8-7BCF-486A-8534-7E8E55B83EFD}.Debug|Any CPU.Build.0 = Debug|Any CPU
		{D09D55F8-7BCF-486A-8534-7E8E55B83EFD}.Release|Any CPU.ActiveCfg = Release|Any CPU
		{D09D55F8-7BCF-486A-8534-7E8E55B83EFD}.Release|Any CPU.Build.0 = Release|Any CPU
	EndGlobalSection
	GlobalSection(SolutionProperties) = preSolution
		HideSolutionNode = FALSE
	EndGlobalSection
	GlobalSection(ExtensibilityGlobals) = postSolution
		SolutionGuid = {B9A73492-520C-46E3-8713-EBD7A49E48C7}
	EndGlobalSection
EndGlobal
